
Microsoft Visual Studio Solution File, Format Version 12.00
# Visual Studio Version 16
VisualStudioVersion = 16.0.29418.71
MinimumVisualStudioVersion = 10.0.40219.1
Project("{FAE04EC0-301F-11D3-BF4B-00C04F79EFBC}") = "Graphen", "Graphen.csproj", "{96D8EC23-1CEA-4EE4-A04A-4C915934D592}"
EndProject
Project("{FAE04EC0-301F-11D3-BF4B-00C04F79EFBC}") = "Graphen2", "..\Graphen2\Graphen2.csproj", "{C2FEBD06-EBD4-474D-9B33-A01450B1EA67}"
EndProject
Global
	GlobalSection(SolutionConfigurationPlatforms) = preSolution
		Debug|Any CPU = Debug|Any CPU
		Release|Any CPU = Release|Any CPU
	EndGlobalSection
	GlobalSection(ProjectConfigurationPlatforms) = postSolution
		{96D8EC23-1CEA-4EE4-A04A-4C915934D592}.Debug|Any CPU.ActiveCfg = Debug|Any CPU
		{96D8EC23-1CEA-4EE4-A04A-4C915934D592}.Debug|Any CPU.Build.0 = Debug|Any CPU
		{96D8EC23-1CEA-4EE4-A04A-4C915934D592}.Release|Any CPU.ActiveCfg = Release|Any CPU
		{96D8EC23-1CEA-4EE4-A04A-4C915934D592}.Release|Any CPU.Build.0 = Release|Any CPU
		{C2FEBD06-EBD4-474D-9B33-A01450B1EA67}.Debug|Any CPU.ActiveCfg = Debug|Any CPU
		{C2FEBD06-EBD4-474D-9B33-A01450B1EA67}.Debug|Any CPU.Build.0 = Debug|Any CPU
		{C2FEBD06-EBD4-474D-9B33-A01450B1EA67}.Release|Any CPU.ActiveCfg = Release|Any CPU
		{C2FEBD06-EBD4-474D-9B33-A01450B1EA67}.Release|Any CPU.Build.0 = Release|Any CPU
	EndGlobalSection
	GlobalSection(SolutionProperties) = preSolution
		HideSolutionNode = FALSE
	EndGlobalSection
	GlobalSection(ExtensibilityGlobals) = postSolution
		SolutionGuid = {9EAAA73C-6980-4DEE-B7FE-4E367ACF4A24}
	EndGlobalSection
EndGlobal
